{
  "name": "paella-tutorial",
  "version": "0.0.0",
  "lockfileVersion": 3,
  "requires": true,
  "packages": {
    "": {
      "name": "paella-tutorial",
      "version": "0.0.0",
      "dependencies": {
        "@asicupv/paella-core": "^2.0.5"
      },
      "devDependencies": {}
    },
    "node_modules/@asicupv/paella-core": {
      "version": "2.0.5",
      "resolved": "https://registry.npmjs.org/@asicupv/paella-core/-/paella-core-2.0.5.tgz",
      "integrity": "sha512-ebSxU3WpeM90NjXYFZlwuflbS1wa1c4tFas0Zok/smObAn6RMpx7KzkU3rHEghcx0X96tarh7ijSDZYRSEXH8w==",
      "license": "ECL-2.0",
      "dependencies": {
        "@ferserc1/input-style-unifier": "^0.0.2"
      }
    },
    "node_modules/@ferserc1/input-style-unifier": {
      "version": "0.0.2",
      "resolved": "https://registry.npmjs.org/@ferserc1/input-style-unifier/-/input-style-unifier-0.0.2.tgz",
      "integrity": "sha512-ak8Omwv346bDtV3Xj7GD3JKU8xqm4LnnyLg+2Cc0FNluzif02ixLEhnO5KduUjQ6qBRaXcQDRIsCADF6krLeiQ==",
      "license": "MIT"
    }
  }
}
